// !$*UTF8*$!
{
	archiveVersion = 1;
	classes = {
	};
	objectVersion = 46;
	objects = {

/* Begin PBXBuildFile section */
		4DFAB8321E4AA91A00C7BB3A /* main.m in Sources */ = {isa = PBXBuildFile; fileRef = 4DFAB8311E4AA91A00C7BB3A /* main.m */; };
		4DFAB8351E4AA91A00C7BB3A /* AppDelegate.m in Sources */ = {isa = PBXBuildFile; fileRef = 4DFAB8341E4AA91A00C7BB3A /* AppDelegate.m */; };
		4DFAB8381E4AA91A00C7BB3A /* ViewController.m in Sources */ = {isa = PBXBuildFile; fileRef = 4DFAB8371E4AA91A00C7BB3A /* ViewController.m */; };
		4DFAB83B1E4AA91A00C7BB3A /* Main.storyboard in Resources */ = {isa = PBXBuildFile; fileRef = 4DFAB8391E4AA91A00C7BB3A /* Main.storyboard */; };
		4DFAB83D1E4AA91A00C7BB3A /* Assets.xcassets in Resources */ = {isa = PBXBuildFile; fileRef = 4DFAB83C1E4AA91A00C7BB3A /* Assets.xcassets */; };
		4DFAB8401E4AA91A00C7BB3A /* LaunchScreen.storyboard in Resources */ = {isa = PBXBuildFile; fileRef = 4DFAB83E1E4AA91A00C7BB3A /* LaunchScreen.storyboard */; };
		4DFAB85B1E4AA9D100C7BB3A /* GXPhotoAssetModel.m in Sources */ = {isa = PBXBuildFile; fileRef = 4DFAB8491E4AA9D100C7BB3A /* GXPhotoAssetModel.m */; };
		4DFAB85C1E4AA9D100C7BB3A /* GXPHKitTool.m in Sources */ = {isa = PBXBuildFile; fileRef = 4DFAB84C1E4AA9D100C7BB3A /* GXPHKitTool.m */; };
		4DFAB85E1E4AA9D100C7BB3A /* AlbumCollectionViewCell.m in Sources */ = {isa = PBXBuildFile; fileRef = 4DFAB8511E4AA9D100C7BB3A /* AlbumCollectionViewCell.m */; };
		4DFAB85F1E4AA9D100C7BB3A /* AlbumDateHeaderView.m in Sources */ = {isa = PBXBuildFile; fileRef = 4DFAB8531E4AA9D100C7BB3A /* AlbumDateHeaderView.m */; };
		4DFAB8601E4AA9D100C7BB3A /* AlbumNavTitleView.m in Sources */ = {isa = PBXBuildFile; fileRef = 4DFAB8551E4AA9D100C7BB3A /* AlbumNavTitleView.m */; };
		4DFAB8611E4AA9D100C7BB3A /* AlbumSelectAssetGroupView.m in Sources */ = {isa = PBXBuildFile; fileRef = 4DFAB8571E4AA9D100C7BB3A /* AlbumSelectAssetGroupView.m */; };
		4DFAB8621E4AA9D100C7BB3A /* AlbumSelectTableViewCell.m in Sources */ = {isa = PBXBuildFile; fileRef = 4DFAB8591E4AA9D100C7BB3A /* AlbumSelectTableViewCell.m */; };
		4DFAB8631E4AA9D100C7BB3A /* AlbumSelectTableViewCell.xib in Resources */ = {isa = PBXBuildFile; fileRef = 4DFAB85A1E4AA9D100C7BB3A /* AlbumSelectTableViewCell.xib */; };
		4DFAB86B1E4AC28B00C7BB3A /* CustomPhotoAlbumViewController.m in Sources */ = {isa = PBXBuildFile; fileRef = 4DFAB8661E4AC28B00C7BB3A /* CustomPhotoAlbumViewController.m */; };
		4DFAB86C1E4AC28B00C7BB3A /* LargePhotoPageViewController.m in Sources */ = {isa = PBXBuildFile; fileRef = 4DFAB8681E4AC28B00C7BB3A /* LargePhotoPageViewController.m */; };
		4DFAB86D1E4AC28B00C7BB3A /* LargePhotoViewController.m in Sources */ = {isa = PBXBuildFile; fileRef = 4DFAB86A1E4AC28B00C7BB3A /* LargePhotoViewController.m */; };
		4DFAB8711E4AE2FD00C7BB3A /* UIView+Extension.m in Sources */ = {isa = PBXBuildFile; fileRef = 4DFAB8701E4AE2FD00C7BB3A /* UIView+Extension.m */; };
		4DFAB8741E4AE52000C7BB3A /* NSObject+GXAlertView.m in Sources */ = {isa = PBXBuildFile; fileRef = 4DFAB8731E4AE52000C7BB3A /* NSObject+GXAlertView.m */; };
		4DFAB8781E4AEC5B00C7BB3A /* xuanzhong_hui@2x.png in Resources */ = {isa = PBXBuildFile; fileRef = 4DFAB8761E4AEC5B00C7BB3A /* xuanzhong_hui@2x.png */; };
		4DFAB8791E4AEC5B00C7BB3A /* xuanzhong_hui@3x.png in Resources */ = {isa = PBXBuildFile; fileRef = 4DFAB8771E4AEC5B00C7BB3A /* xuanzhong_hui@3x.png */; };
		4DFAB87C1E4AEC6400C7BB3A /* xuanzhong_lv@2x.png in Resources */ = {isa = PBXBuildFile; fileRef = 4DFAB87A1E4AEC6400C7BB3A /* xuanzhong_lv@2x.png */; };
		4DFAB87D1E4AEC6400C7BB3A /* xuanzhong_lv@3x.png in Resources */ = {isa = PBXBuildFile; fileRef = 4DFAB87B1E4AEC6400C7BB3A /* xuanzhong_lv@3x.png */; };
		4DFAB8801E4AED8F00C7BB3A /* jiantou_xia@2x.png in Resources */ = {isa = PBXBuildFile; fileRef = 4DFAB87E1E4AED8F00C7BB3A /* jiantou_xia@2x.png */; };
		4DFAB8811E4AED8F00C7BB3A /* jiantou_xia@3x.png in Resources */ = {isa = PBXBuildFile; fileRef = 4DFAB87F1E4AED8F00C7BB3A /* jiantou_xia@3x.png */; };
/* End PBXBuildFile section */

/* Begin PBXFileReference section */
		4DFAB82D1E4AA91A00C7BB3A /* GXPhotoDemo.app */ = {isa = PBXFileReference; explicitFileType = wrapper.application; includeInIndex = 0; path = GXPhotoDemo.app; sourceTree = BUILT_PRODUCTS_DIR; };
		4DFAB8311E4AA91A00C7BB3A /* main.m */ = {isa = PBXFileReference; lastKnownFileType = sourcecode.c.objc; path = main.m; sourceTree = "<group>"; };
		4DFAB8331E4AA91A00C7BB3A /* AppDelegate.h */ = {isa = PBXFileReference; lastKnownFileType = sourcecode.c.h; path = AppDelegate.h; sourceTree = "<group>"; };
		4DFAB8341E4AA91A00C7BB3A /* AppDelegate.m */ = {isa = PBXFileReference; lastKnownFileType = sourcecode.c.objc; path = AppDelegate.m; sourceTree = "<group>"; };
		4DFAB8361E4AA91A00C7BB3A /* ViewController.h */ = {isa = PBXFileReference; lastKnownFileType = sourcecode.c.h; path = ViewController.h; sourceTree = "<group>"; };
		4DFAB8371E4AA91A00C7BB3A /* ViewController.m */ = {isa = PBXFileReference; lastKnownFileType = sourcecode.c.objc; path = ViewController.m; sourceTree = "<group>"; };
		4DFAB83A1E4AA91A00C7BB3A /* Base */ = {isa = PBXFileReference; lastKnownFileType = file.storyboard; name = Base; path = Base.lproj/Main.storyboard; sourceTree = "<group>"; };
		4DFAB83C1E4AA91A00C7BB3A /* Assets.xcassets */ = {isa = PBXFileReference; lastKnownFileType = folder.assetcatalog; path = Assets.xcassets; sourceTree = "<group>"; };
		4DFAB83F1E4AA91A00C7BB3A /* Base */ = {isa = PBXFileReference; lastKnownFileType = file.storyboard; name = Base; path = Base.lproj/LaunchScreen.storyboard; sourceTree = "<group>"; };
		4DFAB8411E4AA91A00C7BB3A /* Info.plist */ = {isa = PBXFileReference; lastKnownFileType = text.plist.xml; path = Info.plist; sourceTree = "<group>"; };
		4DFAB8481E4AA9D100C7BB3A /* GXPhotoAssetModel.h */ = {isa = PBXFileReference; fileEncoding = 4; lastKnownFileType = sourcecode.c.h; path = GXPhotoAssetModel.h; sourceTree = "<group>"; };
		4DFAB8491E4AA9D100C7BB3A /* GXPhotoAssetModel.m */ = {isa = PBXFileReference; fileEncoding = 4; lastKnownFileType = sourcecode.c.objc; path = GXPhotoAssetModel.m; sourceTree = "<group>"; };
		4DFAB84B1E4AA9D100C7BB3A /* GXPHKitTool.h */ = {isa = PBXFileReference; fileEncoding = 4; lastKnownFileType = sourcecode.c.h; path = GXPHKitTool.h; sourceTree = "<group>"; };
		4DFAB84C1E4AA9D100C7BB3A /* GXPHKitTool.m */ = {isa = PBXFileReference; fileEncoding = 4; lastKnownFileType = sourcecode.c.objc; path = GXPHKitTool.m; sourceTree = "<group>"; };
		4DFAB8501E4AA9D100C7BB3A /* AlbumCollectionViewCell.h */ = {isa = PBXFileReference; fileEncoding = 4; lastKnownFileType = sourcecode.c.h; path = AlbumCollectionViewCell.h; sourceTree = "<group>"; };
		4DFAB8511E4AA9D100C7BB3A /* AlbumCollectionViewCell.m */ = {isa = PBXFileReference; fileEncoding = 4; lastKnownFileType = sourcecode.c.objc; path = AlbumCollectionViewCell.m; sourceTree = "<group>"; };
		4DFAB8521E4AA9D100C7BB3A /* AlbumDateHeaderView.h */ = {isa = PBXFileReference; fileEncoding = 4; lastKnownFileType = sourcecode.c.h; path = AlbumDateHeaderView.h; sourceTree = "<group>"; };
		4DFAB8531E4AA9D100C7BB3A /* AlbumDateHeaderView.m */ = {isa = PBXFileReference; fileEncoding = 4; lastKnownFileType = sourcecode.c.objc; path = AlbumDateHeaderView.m; sourceTree = "<group>"; };
		4DFAB8541E4AA9D100C7BB3A /* AlbumNavTitleView.h */ = {isa = PBXFileReference; fileEncoding = 4; lastKnownFileType = sourcecode.c.h; path = AlbumNavTitleView.h; sourceTree = "<group>"; };
		4DFAB8551E4AA9D100C7BB3A /* AlbumNavTitleView.m */ = {isa = PBXFileReference; fileEncoding = 4; lastKnownFileType = sourcecode.c.objc; path = AlbumNavTitleView.m; sourceTree = "<group>"; };
		4DFAB8561E4AA9D100C7BB3A /* AlbumSelectAssetGroupView.h */ = {isa = PBXFileReference; fileEncoding = 4; lastKnownFileType = sourcecode.c.h; path = AlbumSelectAssetGroupView.h; sourceTree = "<group>"; };
		4DFAB8571E4AA9D100C7BB3A /* AlbumSelectAssetGroupView.m */ = {isa = PBXFileReference; fileEncoding = 4; lastKnownFileType = sourcecode.c.objc; path = AlbumSelectAssetGroupView.m; sourceTree = "<group>"; };
		4DFAB8581E4AA9D100C7BB3A /* AlbumSelectTableViewCell.h */ = {isa = PBXFileReference; fileEncoding = 4; lastKnownFileType = sourcecode.c.h; path = AlbumSelectTableViewCell.h; sourceTree = "<group>"; };
		4DFAB8591E4AA9D100C7BB3A /* AlbumSelectTableViewCell.m */ = {isa = PBXFileReference; fileEncoding = 4; lastKnownFileType = sourcecode.c.objc; path = AlbumSelectTableViewCell.m; sourceTree = "<group>"; };
		4DFAB85A1E4AA9D100C7BB3A /* AlbumSelectTableViewCell.xib */ = {isa = PBXFileReference; fileEncoding = 4; lastKnownFileType = file.xib; path = AlbumSelectTableViewCell.xib; sourceTree = "<group>"; };
		4DFAB8651E4AC28B00C7BB3A /* CustomPhotoAlbumViewController.h */ = {isa = PBXFileReference; fileEncoding = 4; lastKnownFileType = sourcecode.c.h; path = CustomPhotoAlbumViewController.h; sourceTree = "<group>"; };
		4DFAB8661E4AC28B00C7BB3A /* CustomPhotoAlbumViewController.m */ = {isa = PBXFileReference; fileEncoding = 4; lastKnownFileType = sourcecode.c.objc; path = CustomPhotoAlbumViewController.m; sourceTree = "<group>"; };
		4DFAB8671E4AC28B00C7BB3A /* LargePhotoPageViewController.h */ = {isa = PBXFileReference; fileEncoding = 4; lastKnownFileType = sourcecode.c.h; path = LargePhotoPageViewController.h; sourceTree = "<group>"; };
		4DFAB8681E4AC28B00C7BB3A /* LargePhotoPageViewController.m */ = {isa = PBXFileReference; fileEncoding = 4; lastKnownFileType = sourcecode.c.objc; path = LargePhotoPageViewController.m; sourceTree = "<group>"; };
		4DFAB8691E4AC28B00C7BB3A /* LargePhotoViewController.h */ = {isa = PBXFileReference; fileEncoding = 4; lastKnownFileType = sourcecode.c.h; path = LargePhotoViewController.h; sourceTree = "<group>"; };
		4DFAB86A1E4AC28B00C7BB3A /* LargePhotoViewController.m */ = {isa = PBXFileReference; fileEncoding = 4; lastKnownFileType = sourcecode.c.objc; path = LargePhotoViewController.m; sourceTree = "<group>"; };
		4DFAB86F1E4AE2FD00C7BB3A /* UIView+Extension.h */ = {isa = PBXFileReference; fileEncoding = 4; lastKnownFileType = sourcecode.c.h; path = "UIView+Extension.h"; sourceTree = "<group>"; };
		4DFAB8701E4AE2FD00C7BB3A /* UIView+Extension.m */ = {isa = PBXFileReference; fileEncoding = 4; lastKnownFileType = sourcecode.c.objc; path = "UIView+Extension.m"; sourceTree = "<group>"; };
		4DFAB8721E4AE52000C7BB3A /* NSObject+GXAlertView.h */ = {isa = PBXFileReference; fileEncoding = 4; lastKnownFileType = sourcecode.c.h; path = "NSObject+GXAlertView.h"; sourceTree = "<group>"; };
		4DFAB8731E4AE52000C7BB3A /* NSObject+GXAlertView.m */ = {isa = PBXFileReference; fileEncoding = 4; lastKnownFileType = sourcecode.c.objc; path = "NSObject+GXAlertView.m"; sourceTree = "<group>"; };
		4DFAB8761E4AEC5B00C7BB3A /* xuanzhong_hui@2x.png */ = {isa = PBXFileReference; lastKnownFileType = image.png; path = "xuanzhong_hui@2x.png"; sourceTree = "<group>"; };
		4DFAB8771E4AEC5B00C7BB3A /* xuanzhong_hui@3x.png */ = {isa = PBXFileReference; lastKnownFileType = image.png; path = "xuanzhong_hui@3x.png"; sourceTree = "<group>"; };
		4DFAB87A1E4AEC6400C7BB3A /* xuanzhong_lv@2x.png */ = {isa = PBXFileReference; lastKnownFileType = image.png; path = "xuanzhong_lv@2x.png"; sourceTree = "<group>"; };
		4DFAB87B1E4AEC6400C7BB3A /* xuanzhong_lv@3x.png */ = {isa = PBXFileReference; lastKnownFileType = image.png; path = "xuanzhong_lv@3x.png"; sourceTree = "<group>"; };
		4DFAB87E1E4AED8F00C7BB3A /* jiantou_xia@2x.png */ = {isa = PBXFileReference; lastKnownFileType = image.png; path = "jiantou_xia@2x.png"; sourceTree = "<group>"; };
		4DFAB87F1E4AED8F00C7BB3A /* jiantou_xia@3x.png */ = {isa = PBXFileReference; lastKnownFileType = image.png; path = "jiantou_xia@3x.png"; sourceTree = "<group>"; };
/* End PBXFileReference section */

/* Begin PBXFrameworksBuildPhase section */
		4DFAB82A1E4AA91A00C7BB3A /* Frameworks */ = {
			isa = PBXFrameworksBuildPhase;
			buildActionMask = 2147483647;
			files = (
			);
			runOnlyForDeploymentPostprocessing = 0;
		};
/* End PBXFrameworksBuildPhase section */

/* Begin PBXGroup section */
		4DFAB8241E4AA91A00C7BB3A = {
			isa = PBXGroup;
			children = (
				4DFAB82F1E4AA91A00C7BB3A /* GXPhotoDemo */,
				4DFAB82E1E4AA91A00C7BB3A /* Products */,
			);
			sourceTree = "<group>";
		};
		4DFAB82E1E4AA91A00C7BB3A /* Products */ = {
			isa = PBXGroup;
			children = (
				4DFAB82D1E4AA91A00C7BB3A /* GXPhotoDemo.app */,
			);
			name = Products;
			sourceTree = "<group>";
		};
		4DFAB82F1E4AA91A00C7BB3A /* GXPhotoDemo */ = {
			isa = PBXGroup;
			children = (
				4DFAB8751E4AEC5600C7BB3A /* resources */,
				4DFAB86E1E4AE2E100C7BB3A /* Category */,
				4DFAB8641E4AC28B00C7BB3A /* Controller */,
				4DFAB8471E4AA9D100C7BB3A /* Model */,
				4DFAB84A1E4AA9D100C7BB3A /* Tools */,
				4DFAB84F1E4AA9D100C7BB3A /* View */,
				4DFAB8331E4AA91A00C7BB3A /* AppDelegate.h */,
				4DFAB8341E4AA91A00C7BB3A /* AppDelegate.m */,
				4DFAB8361E4AA91A00C7BB3A /* ViewController.h */,
				4DFAB8371E4AA91A00C7BB3A /* ViewController.m */,
				4DFAB8391E4AA91A00C7BB3A /* Main.storyboard */,
				4DFAB83C1E4AA91A00C7BB3A /* Assets.xcassets */,
				4DFAB83E1E4AA91A00C7BB3A /* LaunchScreen.storyboard */,
				4DFAB8411E4AA91A00C7BB3A /* Info.plist */,
				4DFAB8301E4AA91A00C7BB3A /* Supporting Files */,
			);
			path = GXPhotoDemo;
			sourceTree = "<group>";
		};
		4DFAB8301E4AA91A00C7BB3A /* Supporting Files */ = {
			isa = PBXGroup;
			children = (
				4DFAB8311E4AA91A00C7BB3A /* main.m */,
			);
			name = "Supporting Files";
			sourceTree = "<group>";
		};
		4DFAB8471E4AA9D100C7BB3A /* Model */ = {
			isa = PBXGroup;
			children = (
				4DFAB8481E4AA9D100C7BB3A /* GXPhotoAssetModel.h */,
				4DFAB8491E4AA9D100C7BB3A /* GXPhotoAssetModel.m */,
			);
			path = Model;
			sourceTree = "<group>";
		};
		4DFAB84A1E4AA9D100C7BB3A /* Tools */ = {
			isa = PBXGroup;
			children = (
				4DFAB84B1E4AA9D100C7BB3A /* GXPHKitTool.h */,
				4DFAB84C1E4AA9D100C7BB3A /* GXPHKitTool.m */,
			);
			path = Tools;
			sourceTree = "<group>";
		};
		4DFAB84F1E4AA9D100C7BB3A /* View */ = {
			isa = PBXGroup;
			children = (
				4DFAB8501E4AA9D100C7BB3A /* AlbumCollectionViewCell.h */,
				4DFAB8511E4AA9D100C7BB3A /* AlbumCollectionViewCell.m */,
				4DFAB8521E4AA9D100C7BB3A /* AlbumDateHeaderView.h */,
				4DFAB8531E4AA9D100C7BB3A /* AlbumDateHeaderView.m */,
				4DFAB8541E4AA9D100C7BB3A /* AlbumNavTitleView.h */,
				4DFAB8551E4AA9D100C7BB3A /* AlbumNavTitleView.m */,
				4DFAB8561E4AA9D100C7BB3A /* AlbumSelectAssetGroupView.h */,
				4DFAB8571E4AA9D100C7BB3A /* AlbumSelectAssetGroupView.m */,
				4DFAB8581E4AA9D100C7BB3A /* AlbumSelectTableViewCell.h */,
				4DFAB8591E4AA9D100C7BB3A /* AlbumSelectTableViewCell.m */,
				4DFAB85A1E4AA9D100C7BB3A /* AlbumSelectTableViewCell.xib */,
			);
			path = View;
			sourceTree = "<group>";
		};
		4DFAB8641E4AC28B00C7BB3A /* Controller */ = {
			isa = PBXGroup;
			children = (
				4DFAB8651E4AC28B00C7BB3A /* CustomPhotoAlbumViewController.h */,
				4DFAB8661E4AC28B00C7BB3A /* CustomPhotoAlbumViewController.m */,
				4DFAB8671E4AC28B00C7BB3A /* LargePhotoPageViewController.h */,
				4DFAB8681E4AC28B00C7BB3A /* LargePhotoPageViewController.m */,
				4DFAB8691E4AC28B00C7BB3A /* LargePhotoViewController.h */,
				4DFAB86A1E4AC28B00C7BB3A /* LargePhotoViewController.m */,
			);
			path = Controller;
			sourceTree = "<group>";
		};
		4DFAB86E1E4AE2E100C7BB3A /* Category */ = {
			isa = PBXGroup;
			children = (
				4DFAB8721E4AE52000C7BB3A /* NSObject+GXAlertView.h */,
				4DFAB8731E4AE52000C7BB3A /* NSObject+GXAlertView.m */,
				4DFAB86F1E4AE2FD00C7BB3A /* UIView+Extension.h */,
				4DFAB8701E4AE2FD00C7BB3A /* UIView+Extension.m */,
			);
			path = Category;
			sourceTree = "<group>";
		};
		4DFAB8751E4AEC5600C7BB3A /* resources */ = {
			isa = PBXGroup;
			children = (
				4DFAB87E1E4AED8F00C7BB3A /* jiantou_xia@2x.png */,
				4DFAB87F1E4AED8F00C7BB3A /* jiantou_xia@3x.png */,
				4DFAB87A1E4AEC6400C7BB3A /* xuanzhong_lv@2x.png */,
				4DFAB87B1E4AEC6400C7BB3A /* xuanzhong_lv@3x.png */,
				4DFAB8761E4AEC5B00C7BB3A /* xuanzhong_hui@2x.png */,
				4DFAB8771E4AEC5B00C7BB3A /* xuanzhong_hui@3x.png */,
			);
			path = resources;
			sourceTree = "<group>";
		};
/* End PBXGroup section */

/* Begin PBXNativeTarget section */
		4DFAB82C1E4AA91A00C7BB3A /* GXPhotoDemo */ = {
			isa = PBXNativeTarget;
			buildConfigurationList = 4DFAB8441E4AA91A00C7BB3A /* Build configuration list for PBXNativeTarget "GXPhotoDemo" */;
			buildPhases = (
				4DFAB8291E4AA91A00C7BB3A /* Sources */,
				4DFAB82A1E4AA91A00C7BB3A /* Frameworks */,
				4DFAB82B1E4AA91A00C7BB3A /* Resources */,
			);
			buildRules = (
			);
			dependencies = (
			);
			name = GXPhotoDemo;
			productName = GXPhotoDemo;
			productReference = 4DFAB82D1E4AA91A00C7BB3A /* GXPhotoDemo.app */;
			productType = "com.apple.product-type.application";
		};
/* End PBXNativeTarget section */

/* Begin PBXProject section */
		4DFAB8251E4AA91A00C7BB3A /* Project object */ = {
			isa = PBXProject;
			attributes = {
				LastUpgradeCheck = 0820;
				ORGANIZATIONNAME = Guoxuan;
				TargetAttributes = {
					4DFAB82C1E4AA91A00C7BB3A = {
						CreatedOnToolsVersion = 8.2.1;
						DevelopmentTeam = 2KMA9QPRA8;
						ProvisioningStyle = Automatic;
					};
				};
			};
			buildConfigurationList = 4DFAB8281E4AA91A00C7BB3A /* Build configuration list for PBXProject "GXPhotoDemo" */;
			compatibilityVersion = "Xcode 3.2";
			developmentRegion = English;
			hasScannedForEncodings = 0;
			knownRegions = (
				en,
				Base,
			);
			mainGroup = 4DFAB8241E4AA91A00C7BB3A;
			productRefGroup = 4DFAB82E1E4AA91A00C7BB3A /* Products */;
			projectDirPath = "";
			projectRoot = "";
			targets = (
				4DFAB82C1E4AA91A00C7BB3A /* GXPhotoDemo */,
			);
		};
/* End PBXProject section */

/* Begin PBXResourcesBuildPhase section */
		4DFAB82B1E4AA91A00C7BB3A /* Resources */ = {
			isa = PBXResourcesBuildPhase;
			buildActionMask = 2147483647;
			files = (
				4DFAB8401E4AA91A00C7BB3A /* LaunchScreen.storyboard in Resources */,
				4DFAB8811E4AED8F00C7BB3A /* jiantou_xia@3x.png in Resources */,
				4DFAB8791E4AEC5B00C7BB3A /* xuanzhong_hui@3x.png in Resources */,
				4DFAB8631E4AA9D100C7BB3A /* AlbumSelectTableViewCell.xib in Resources */,
				4DFAB8781E4AEC5B00C7BB3A /* xuanzhong_hui@2x.png in Resources */,
				4DFAB8801E4AED8F00C7BB3A /* jiantou_xia@2x.png in Resources */,
				4DFAB87D1E4AEC6400C7BB3A /* xuanzhong_lv@3x.png in Resources */,
				4DFAB83D1E4AA91A00C7BB3A /* Assets.xcassets in Resources */,
				4DFAB83B1E4AA91A00C7BB3A /* Main.storyboard in Resources */,
				4DFAB87C1E4AEC6400C7BB3A /* xuanzhong_lv@2x.png in Resources */,
			);
			runOnlyForDeploymentPostprocessing = 0;
		};
/* End PBXResourcesBuildPhase section */

/* Begin PBXSourcesBuildPhase section */
		4DFAB8291E4AA91A00C7BB3A /* Sources */ = {
			isa = PBXSourcesBuildPhase;
			buildActionMask = 2147483647;
			files = (
				4DFAB86B1E4AC28B00C7BB3A /* CustomPhotoAlbumViewController.m in Sources */,
				4DFAB85B1E4AA9D100C7BB3A /* GXPhotoAssetModel.m in Sources */,
				4DFAB8381E4AA91A00C7BB3A /* ViewController.m in Sources */,
				4DFAB8621E4AA9D100C7BB3A /* AlbumSelectTableViewCell.m in Sources */,
				4DFAB85F1E4AA9D100C7BB3A /* AlbumDateHeaderView.m in Sources */,
				4DFAB86C1E4AC28B00C7BB3A /* LargePhotoPageViewController.m in Sources */,
				4DFAB8351E4AA91A00C7BB3A /* AppDelegate.m in Sources */,
				4DFAB8601E4AA9D100C7BB3A /* AlbumNavTitleView.m in Sources */,
				4DFAB85E1E4AA9D100C7BB3A /* AlbumCollectionViewCell.m in Sources */,
				4DFAB8611E4AA9D100C7BB3A /* AlbumSelectAssetGroupView.m in Sources */,
				4DFAB8711E4AE2FD00C7BB3A /* UIView+Extension.m in Sources */,
				4DFAB86D1E4AC28B00C7BB3A /* LargePhotoViewController.m in Sources */,
				4DFAB8321E4AA91A00C7BB3A /* main.m in Sources */,
				4DFAB8741E4AE52000C7BB3A /* NSObject+GXAlertView.m in Sources */,
				4DFAB85C1E4AA9D100C7BB3A /* GXPHKitTool.m in Sources */,
			);
			runOnlyForDeploymentPostprocessing = 0;
		};
/* End PBXSourcesBuildPhase section */

/* Begin PBXVariantGroup section */
		4DFAB8391E4AA91A00C7BB3A /* Main.storyboard */ = {
			isa = PBXVariantGroup;
			children = (
				4DFAB83A1E4AA91A00C7BB3A /* Base */,
			);
			name = Main.storyboard;
			sourceTree = "<group>";
		};
		4DFAB83E1E4AA91A00C7BB3A /* LaunchScreen.storyboard */ = {
			isa = PBXVariantGroup;
			children = (
				4DFAB83F1E4AA91A00C7BB3A /* Base */,
			);
			name = LaunchScreen.storyboard;
			sourceTree = "<group>";
		};
/* End PBXVariantGroup section */

/* Begin XCBuildConfiguration section */
		4DFAB8421E4AA91A00C7BB3A /* Debug */ = {
			isa = XCBuildConfiguration;
			buildSettings = {
				ALWAYS_SEARCH_USER_PATHS = NO;
				CLANG_ANALYZER_NONNULL = YES;
				CLANG_CXX_LANGUAGE_STANDARD = "gnu++0x";
				CLANG_CXX_LIBRARY = "libc++";
				CLANG_ENABLE_MODULES = YES;
				CLANG_ENABLE_OBJC_ARC = YES;
				CLANG_WARN_BOOL_CONVERSION = YES;
				CLANG_WARN_CONSTANT_CONVERSION = YES;
				CLANG_WARN_DIRECT_OBJC_ISA_USAGE = YES_ERROR;
				CLANG_WARN_DOCUMENTATION_COMMENTS = YES;
				CLANG_WARN_EMPTY_BODY = YES;
				CLANG_WARN_ENUM_CONVERSION = YES;
				CLANG_WARN_INFINITE_RECURSION = YES;
				CLANG_WARN_INT_CONVERSION = YES;
				CLANG_WARN_OBJC_ROOT_CLASS = YES_ERROR;
				CLANG_WARN_SUSPICIOUS_MOVE = YES;
				CLANG_WARN_UNREACHABLE_CODE = YES;
				CLANG_WARN__DUPLICATE_METHOD_MATCH = YES;
				"CODE_SIGN_IDENTITY[sdk=iphoneos*]" = "iPhone Developer";
				COPY_PHASE_STRIP = NO;
				DEBUG_INFORMATION_FORMAT = dwarf;
				ENABLE_STRICT_OBJC_MSGSEND = YES;
				ENABLE_TESTABILITY = YES;
				GCC_C_LANGUAGE_STANDARD = gnu99;
				GCC_DYNAMIC_NO_PIC = NO;
				GCC_NO_COMMON_BLOCKS = YES;
				GCC_OPTIMIZATION_LEVEL = 0;
				GCC_PREPROCESSOR_DEFINITIONS = (
					"DEBUG=1",
					"$(inherited)",
				);
				GCC_WARN_64_TO_32_BIT_CONVERSION = YES;
				GCC_WARN_ABOUT_RETURN_TYPE = YES_ERROR;
				GCC_WARN_UNDECLARED_SELECTOR = YES;
				GCC_WARN_UNINITIALIZED_AUTOS = YES_AGGRESSIVE;
				GCC_WARN_UNUSED_FUNCTION = YES;
				GCC_WARN_UNUSED_VARIABLE = YES;
				IPHONEOS_DEPLOYMENT_TARGET = 10.2;
				MTL_ENABLE_DEBUG_INFO = YES;
				ONLY_ACTIVE_ARCH = YES;
				SDKROOT = iphoneos;
			};
			name = Debug;
		};
		4DFAB8431E4AA91A00C7BB3A /* Release */ = {
			isa = XCBuildConfiguration;
			buildSettings = {
				ALWAYS_SEARCH_USER_PATHS = NO;
				CLANG_ANALYZER_NONNULL = YES;
				CLANG_CXX_LANGUAGE_STANDARD = "gnu++0x";
				CLANG_CXX_LIBRARY = "libc++";
				CLANG_ENABLE_MODULES = YES;
				CLANG_ENABLE_OBJC_ARC = YES;
				CLANG_WARN_BOOL_CONVERSION = YES;
				CLANG_WARN_CONSTANT_CONVERSION = YES;
				CLANG_WARN_DIRECT_OBJC_ISA_USAGE = YES_ERROR;
				CLANG_WARN_DOCUMENTATION_COMMENTS = YES;
				CLANG_WARN_EMPTY_BODY = YES;
				CLANG_WARN_ENUM_CONVERSION = YES;
				CLANG_WARN_INFINITE_RECURSION = YES;
				CLANG_WARN_INT_CONVERSION = YES;
				CLANG_WARN_OBJC_ROOT_CLASS = YES_ERROR;
				CLANG_WARN_SUSPICIOUS_MOVE = YES;
				CLANG_WARN_UNREACHABLE_CODE = YES;
				CLANG_WARN__DUPLICATE_METHOD_MATCH = YES;
				"CODE_SIGN_IDENTITY[sdk=iphoneos*]" = "iPhone Developer";
				COPY_PHASE_STRIP = NO;
				DEBUG_INFORMATION_FORMAT = "dwarf-with-dsym";
				ENABLE_NS_ASSERTIONS = NO;
				ENABLE_STRICT_OBJC_MSGSEND = YES;
				GCC_C_LANGUAGE_STANDARD = gnu99;
				GCC_NO_COMMON_BLOCKS = YES;
				GCC_WARN_64_TO_32_BIT_CONVERSION = YES;
				GCC_WARN_ABOUT_RETURN_TYPE = YES_ERROR;
				GCC_WARN_UNDECLARED_SELECTOR = YES;
				GCC_WARN_UNINITIALIZED_AUTOS = YES_AGGRESSIVE;
				GCC_WARN_UNUSED_FUNCTION = YES;
				GCC_WARN_UNUSED_VARIABLE = YES;
				IPHONEOS_DEPLOYMENT_TARGET = 10.2;
				MTL_ENABLE_DEBUG_INFO = NO;
				SDKROOT = iphoneos;
				VALIDATE_PRODUCT = YES;
			};
			name = Release;
		};
		4DFAB8451E4AA91A00C7BB3A /* Debug */ = {
			isa = XCBuildConfiguration;
			buildSettings = {
				ASSETCATALOG_COMPILER_APPICON_NAME = AppIcon;
				DEVELOPMENT_TEAM = 2KMA9QPRA8;
				INFOPLIST_FILE = GXPhotoDemo/Info.plist;
				LD_RUNPATH_SEARCH_PATHS = "$(inherited) @executable_path/Frameworks";
				PRODUCT_BUNDLE_IDENTIFIER = Guoxuan.GXPhotoDemo;
				PRODUCT_NAME = "$(TARGET_NAME)";
			};
			name = Debug;
		};
		4DFAB8461E4AA91A00C7BB3A /* Release */ = {
			isa = XCBuildConfiguration;
			buildSettings = {
				ASSETCATALOG_COMPILER_APPICON_NAME = AppIcon;
				DEVELOPMENT_TEAM = 2KMA9QPRA8;
				INFOPLIST_FILE = GXPhotoDemo/Info.plist;
				LD_RUNPATH_SEARCH_PATHS = "$(inherited) @executable_path/Frameworks";
				PRODUCT_BUNDLE_IDENTIFIER = Guoxuan.GXPhotoDemo;
				PRODUCT_NAME = "$(TARGET_NAME)";
			};
			name = Release;
		};
/* End XCBuildConfiguration section */

/* Begin XCConfigurationList section */
		4DFAB8281E4AA91A00C7BB3A /* Build configuration list for PBXProject "GXPhotoDemo" */ = {
			isa = XCConfigurationList;
			buildConfigurations = (
				4DFAB8421E4AA91A00C7BB3A /* Debug */,
				4DFAB8431E4AA91A00C7BB3A /* Release */,
			);
			defaultConfigurationIsVisible = 0;
			defaultConfigurationName = Release;
		};
		4DFAB8441E4AA91A00C7BB3A /* Build configuration list for PBXNativeTarget "GXPhotoDemo" */ = {
			isa = XCConfigurationList;
			buildConfigurations = (
				4DFAB8451E4AA91A00C7BB3A /* Debug */,
				4DFAB8461E4AA91A00C7BB3A /* Release */,
			);
			defaultConfigurationIsVisible = 0;
		};
/* End XCConfigurationList section */
	};
	rootObject = 4DFAB8251E4AA91A00C7BB3A /* Project object */;
}
